
Microsoft Visual Studio Solution File, Format Version 12.00
# Visual Studio Version 17
VisualStudioVersion = 17.10.34928.147
MinimumVisualStudioVersion = 10.0.40219.1
Project("{FAE04EC0-301F-11D3-BF4B-00C04F79EFBC}") = "SAD-UMKM SOARE", "SAD-UMKM SOARE\SAD-UMKM SOARE.csproj", "{9E5CA149-EBD0-42E5-959A-925A3CAA085F}"
EndProject
Global
	GlobalSection(SolutionConfigurationPlatforms) = preSolution
		Debug|Any CPU = Debug|Any CPU
		Release|Any CPU = Release|Any CPU
	EndGlobalSection
	GlobalSection(ProjectConfigurationPlatforms) = postSolution
		{9E5CA149-EBD0-42E5-959A-925A3CAA085F}.Debug|Any CPU.ActiveCfg = Debug|Any CPU
		{9E5CA149-EBD0-42E5-959A-925A3CAA085F}.Debug|Any CPU.Build.0 = Debug|Any CPU
		{9E5CA149-EBD0-42E5-959A-925A3CAA085F}.Release|Any CPU.ActiveCfg = Release|Any CPU
		{9E5CA149-EBD0-42E5-959A-925A3CAA085F}.Release|Any CPU.Build.0 = Release|Any CPU
	EndGlobalSection
	GlobalSection(SolutionProperties) = preSolution
		HideSolutionNode = FALSE
	EndGlobalSection
	GlobalSection(ExtensibilityGlobals) = postSolution
		SolutionGuid = {7AEFD463-4F5B-46D5-8F28-958930A2062E}
	EndGlobalSection
EndGlobal
